
Microsoft Visual Studio Solution File, Format Version 12.00
# Visual Studio Version 17
VisualStudioVersion = 17.4.33213.308
MinimumVisualStudioVersion = 10.0.40219.1
Project("{9A19103F-16F7-4668-BE54-9A1E7A4F7556}") = "PIHMS.CL.BL.Appointment", "PIHMS.CL.BL.Appointment\PIHMS.CL.BL.Appointment\PIHMS.CL.BL.Appointment.csproj", "{8CBC9A28-9988-4B92-AED1-0F94B3DB0B67}"
EndProject
Project("{9A19103F-16F7-4668-BE54-9A1E7A4F7556}") = "PIHMS.CL.BL.Communication", "PIHMS.CL.BL.Communication\PIHMS.CL.BL.Communication\PIHMS.CL.BL.Communication.csproj", "{0DFBF697-6886-4F82-86E6-0FF04786251D}"
EndProject
Project("{9A19103F-16F7-4668-BE54-9A1E7A4F7556}") = "PIHMS.CL.BL.Diagnostic", "PIHMS.CL.BL.Diagnostic\PIHMS.CL.BL.Diagnostic\PIHMS.CL.BL.Diagnostic.csproj", "{34D461C1-C371-4D5C-A511-E91040E31936}"
EndProject
Project("{9A19103F-16F7-4668-BE54-9A1E7A4F7556}") = "PIHMS.CL.BL.Finance", "PIHMS.CL.BL.Finance\PIHMS.CL.BL.Finance\PIHMS.CL.BL.Finance.csproj", "{A33119F4-A1C3-428C-9F96-6A5323F84794}"
EndProject
Project("{9A19103F-16F7-4668-BE54-9A1E7A4F7556}") = "PIHMS.CL.BL.General", "PIHMS.CL.BL.General\PIHMS.CL.BL.General\PIHMS.CL.BL.General.csproj", "{FB1F48B5-E124-4B06-B527-FFF54958F4C7}"
EndProject
Project("{9A19103F-16F7-4668-BE54-9A1E7A4F7556}") = "PIHMS.CL.BL.Housekeeping", "PIHMS.CL.BL.Housekeeping\PIHMS.CL.BL.Housekeeping\PIHMS.CL.BL.Housekeeping.csproj", "{56B1D1A6-8367-433E-B23A-00A8585B5617}"
EndProject
Project("{9A19103F-16F7-4668-BE54-9A1E7A4F7556}") = "PIHMS.CL.BL.InPatient", "PIHMS.CL.BL.InPatient\PIHMS.CL.BL.InPatient\PIHMS.CL.BL.InPatient.csproj", "{DAA72BA8-6A60-4436-B609-4C8D90793315}"
EndProject
Project("{9A19103F-16F7-4668-BE54-9A1E7A4F7556}") = "PIHMS.CL.BL.Inventory", "PIHMS.CL.BL.Inventory\PIHMS.CL.BL.Inventory\PIHMS.CL.BL.Inventory.csproj", "{CB63C273-65D4-43EB-A96F-508877978464}"
EndProject
Project("{9A19103F-16F7-4668-BE54-9A1E7A4F7556}") = "PIHMS.CL.BL.Masters", "PIHMS.CL.BL.Masters\PIHMS.CL.BL.Masters\PIHMS.CL.BL.Masters.csproj", "{3E888FF7-F679-4F00-876B-796AF57F8300}"
EndProject
Project("{9A19103F-16F7-4668-BE54-9A1E7A4F7556}") = "PIHMS.CL.BL.OPBilling", "PIHMS.CL.BL.OPBilling\PIHMS.CL.BL.OPBilling\PIHMS.CL.BL.OPBilling.csproj", "{F413DBD9-6E57-4364-8FE6-EE6BE156A9DC}"
EndProject
Project("{9A19103F-16F7-4668-BE54-9A1E7A4F7556}") = "PIHMS.CL.BL.Patient", "PIHMS.CL.BL.Patient\PIHMS.CL.BL.Patient\PIHMS.CL.BL.Patient.csproj", "{1CE52965-1886-4081-B2A9-3ACFC76A96CE}"
EndProject
Project("{9A19103F-16F7-4668-BE54-9A1E7A4F7556}") = "PIHMS.CL.BL.Pharmacy", "PIHMS.CL.BL.Pharmacy\PIHMS.CL.BL.Pharmacy\PIHMS.CL.BL.Pharmacy.csproj", "{2C8044CC-6762-4360-B091-BCC915A209E3}"
EndProject
Project("{9A19103F-16F7-4668-BE54-9A1E7A4F7556}") = "PIHMS.CL.BL.Staff", "PIHMS.CL.BL.Staff\PIHMS.CL.BL.Staff\PIHMS.CL.BL.Staff.csproj", "{C480162B-2781-4429-8AEE-E5B487B644EA}"
EndProject
Project("{9A19103F-16F7-4668-BE54-9A1E7A4F7556}") = "PIHMS.CL.BL.DoctorConsultation", "PIHMS.CL.BL.DoctorConsultation\PIHMS.CL.BL.DoctorConsultation\PIHMS.CL.BL.DoctorConsultation.csproj", "{B4D20FC6-39AC-41B6-B919-DD6F10D6BB81}"
EndProject
Project("{9A19103F-16F7-4668-BE54-9A1E7A4F7556}") = "PIHMS.CL.BL.Security", "PIHMS.CL.BL.Security\PIHMS.CL.BL.Security\PIHMS.CL.BL.Security.csproj", "{B8CFDEF2-C35A-40D5-A0E6-44F17D817703}"
EndProject
Global
	GlobalSection(SolutionConfigurationPlatforms) = preSolution
		Debug|Any CPU = Debug|Any CPU
		Release|Any CPU = Release|Any CPU
	EndGlobalSection
	GlobalSection(ProjectConfigurationPlatforms) = postSolution
		{8CBC9A28-9988-4B92-AED1-0F94B3DB0B67}.Debug|Any CPU.ActiveCfg = Debug|Any CPU
		{8CBC9A28-9988-4B92-AED1-0F94B3DB0B67}.Debug|Any CPU.Build.0 = Debug|Any CPU
		{8CBC9A28-9988-4B92-AED1-0F94B3DB0B67}.Release|Any CPU.ActiveCfg = Release|Any CPU
		{8CBC9A28-9988-4B92-AED1-0F94B3DB0B67}.Release|Any CPU.Build.0 = Release|Any CPU
		{0DFBF697-6886-4F82-86E6-0FF04786251D}.Debug|Any CPU.ActiveCfg = Debug|Any CPU
		{0DFBF697-6886-4F82-86E6-0FF04786251D}.Debug|Any CPU.Build.0 = Debug|Any CPU
		{0DFBF697-6886-4F82-86E6-0FF04786251D}.Release|Any CPU.ActiveCfg = Release|Any CPU
		{0DFBF697-6886-4F82-86E6-0FF04786251D}.Release|Any CPU.Build.0 = Release|Any CPU
		{34D461C1-C371-4D5C-A511-E91040E31936}.Debug|Any CPU.ActiveCfg = Debug|Any CPU
		{34D461C1-C371-4D5C-A511-E91040E31936}.Debug|Any CPU.Build.0 = Debug|Any CPU
		{34D461C1-C371-4D5C-A511-E91040E31936}.Release|Any CPU.ActiveCfg = Release|Any CPU
		{34D461C1-C371-4D5C-A511-E91040E31936}.Release|Any CPU.Build.0 = Release|Any CPU
		{A33119F4-A1C3-428C-9F96-6A5323F84794}.Debug|Any CPU.ActiveCfg = Debug|Any CPU
		{A33119F4-A1C3-428C-9F96-6A5323F84794}.Debug|Any CPU.Build.0 = Debug|Any CPU
		{A33119F4-A1C3-428C-9F96-6A5323F84794}.Release|Any CPU.ActiveCfg = Release|Any CPU
		{A33119F4-A1C3-428C-9F96-6A5323F84794}.Release|Any CPU.Build.0 = Release|Any CPU
		{FB1F48B5-E124-4B06-B527-FFF54958F4C7}.Debug|Any CPU.ActiveCfg = Debug|Any CPU
		{FB1F48B5-E124-4B06-B527-FFF54958F4C7}.Debug|Any CPU.Build.0 = Debug|Any CPU
		{FB1F48B5-E124-4B06-B527-FFF54958F4C7}.Release|Any CPU.ActiveCfg = Release|Any CPU
		{FB1F48B5-E124-4B06-B527-FFF54958F4C7}.Release|Any CPU.Build.0 = Release|Any CPU
		{56B1D1A6-8367-433E-B23A-00A8585B5617}.Debug|Any CPU.ActiveCfg = Debug|Any CPU
		{56B1D1A6-8367-433E-B23A-00A8585B5617}.Debug|Any CPU.Build.0 = Debug|Any CPU
		{56B1D1A6-8367-433E-B23A-00A8585B5617}.Release|Any CPU.ActiveCfg = Release|Any CPU
		{56B1D1A6-8367-433E-B23A-00A8585B5617}.Release|Any CPU.Build.0 = Release|Any CPU
		{DAA72BA8-6A60-4436-B609-4C8D90793315}.Debug|Any CPU.ActiveCfg = Debug|Any CPU
		{DAA72BA8-6A60-4436-B609-4C8D90793315}.Debug|Any CPU.Build.0 = Debug|Any CPU
		{DAA72BA8-6A60-4436-B609-4C8D90793315}.Release|Any CPU.ActiveCfg = Release|Any CPU
		{DAA72BA8-6A60-4436-B609-4C8D90793315}.Release|Any CPU.Build.0 = Release|Any CPU
		{CB63C273-65D4-43EB-A96F-508877978464}.Debug|Any CPU.ActiveCfg = Debug|Any CPU
		{CB63C273-65D4-43EB-A96F-508877978464}.Debug|Any CPU.Build.0 = Debug|Any CPU
		{CB63C273-65D4-43EB-A96F-508877978464}.Release|Any CPU.ActiveCfg = Release|Any CPU
		{CB63C273-65D4-43EB-A96F-508877978464}.Release|Any CPU.Build.0 = Release|Any CPU
		{3E888FF7-F679-4F00-876B-796AF57F8300}.Debug|Any CPU.ActiveCfg = Debug|Any CPU
		{3E888FF7-F679-4F00-876B-796AF57F8300}.Debug|Any CPU.Build.0 = Debug|Any CPU
		{3E888FF7-F679-4F00-876B-796AF57F8300}.Release|Any CPU.ActiveCfg = Release|Any CPU
		{3E888FF7-F679-4F00-876B-796AF57F8300}.Release|Any CPU.Build.0 = Release|Any CPU
		{F413DBD9-6E57-4364-8FE6-EE6BE156A9DC}.Debug|Any CPU.ActiveCfg = Debug|Any CPU
		{F413DBD9-6E57-4364-8FE6-EE6BE156A9DC}.Debug|Any CPU.Build.0 = Debug|Any CPU
		{F413DBD9-6E57-4364-8FE6-EE6BE156A9DC}.Release|Any CPU.ActiveCfg = Release|Any CPU
		{F413DBD9-6E57-4364-8FE6-EE6BE156A9DC}.Release|Any CPU.Build.0 = Release|Any CPU
		{1CE52965-1886-4081-B2A9-3ACFC76A96CE}.Debug|Any CPU.ActiveCfg = Debug|Any CPU
		{1CE52965-1886-4081-B2A9-3ACFC76A96CE}.Debug|Any CPU.Build.0 = Debug|Any CPU
		{1CE52965-1886-4081-B2A9-3ACFC76A96CE}.Release|Any CPU.ActiveCfg = Release|Any CPU
		{1CE52965-1886-4081-B2A9-3ACFC76A96CE}.Release|Any CPU.Build.0 = Release|Any CPU
		{2C8044CC-6762-4360-B091-BCC915A209E3}.Debug|Any CPU.ActiveCfg = Debug|Any CPU
		{2C8044CC-6762-4360-B091-BCC915A209E3}.Debug|Any CPU.Build.0 = Debug|Any CPU
		{2C8044CC-6762-4360-B091-BCC915A209E3}.Release|Any CPU.ActiveCfg = Release|Any CPU
		{2C8044CC-6762-4360-B091-BCC915A209E3}.Release|Any CPU.Build.0 = Release|Any CPU
		{C480162B-2781-4429-8AEE-E5B487B644EA}.Debug|Any CPU.ActiveCfg = Debug|Any CPU
		{C480162B-2781-4429-8AEE-E5B487B644EA}.Debug|Any CPU.Build.0 = Debug|Any CPU
		{C480162B-2781-4429-8AEE-E5B487B644EA}.Release|Any CPU.ActiveCfg = Release|Any CPU
		{C480162B-2781-4429-8AEE-E5B487B644EA}.Release|Any CPU.Build.0 = Release|Any CPU
		{B4D20FC6-39AC-41B6-B919-DD6F10D6BB81}.Debug|Any CPU.ActiveCfg = Debug|Any CPU
		{B4D20FC6-39AC-41B6-B919-DD6F10D6BB81}.Debug|Any CPU.Build.0 = Debug|Any CPU
		{B4D20FC6-39AC-41B6-B919-DD6F10D6BB81}.Release|Any CPU.ActiveCfg = Release|Any CPU
		{B4D20FC6-39AC-41B6-B919-DD6F10D6BB81}.Release|Any CPU.Build.0 = Release|Any CPU
		{B8CFDEF2-C35A-40D5-A0E6-44F17D817703}.Debug|Any CPU.ActiveCfg = Debug|Any CPU
		{B8CFDEF2-C35A-40D5-A0E6-44F17D817703}.Debug|Any CPU.Build.0 = Debug|Any CPU
		{B8CFDEF2-C35A-40D5-A0E6-44F17D817703}.Release|Any CPU.ActiveCfg = Release|Any CPU
		{B8CFDEF2-C35A-40D5-A0E6-44F17D817703}.Release|Any CPU.Build.0 = Release|Any CPU
	EndGlobalSection
	GlobalSection(SolutionProperties) = preSolution
		HideSolutionNode = FALSE
	EndGlobalSection
	GlobalSection(ExtensibilityGlobals) = postSolution
		SolutionGuid = {E8BF8407-8B2F-43AC-A10D-5E7A9822A038}
	EndGlobalSection
EndGlobal
