
Microsoft Visual Studio Solution File, Format Version 12.00
# Visual Studio Version 17
VisualStudioVersion = 17.4.33213.308
MinimumVisualStudioVersion = 10.0.40219.1
Project("{9A19103F-16F7-4668-BE54-9A1E7A4F7556}") = "PIHMS.CL.BL.General", "PIHMS.CL.BL.General\PIHMS.CL.BL.General.csproj", "{19C9442F-5627-4C5B-B36A-7E2602317138}"
EndProject
Project("{9A19103F-16F7-4668-BE54-9A1E7A4F7556}") = "PIHMS.CL.BL.General.TestApp", "PIHMS.CL.BL.General.TestApp\PIHMS.CL.BL.General.TestApp.csproj", "{7D06FCE8-271F-4CAD-9FD1-04842F301654}"
EndProject
Global
	GlobalSection(SolutionConfigurationPlatforms) = preSolution
		Debug|Any CPU = Debug|Any CPU
		Release|Any CPU = Release|Any CPU
	EndGlobalSection
	GlobalSection(ProjectConfigurationPlatforms) = postSolution
		{19C9442F-5627-4C5B-B36A-7E2602317138}.Debug|Any CPU.ActiveCfg = Debug|Any CPU
		{19C9442F-5627-4C5B-B36A-7E2602317138}.Debug|Any CPU.Build.0 = Debug|Any CPU
		{19C9442F-5627-4C5B-B36A-7E2602317138}.Release|Any CPU.ActiveCfg = Release|Any CPU
		{19C9442F-5627-4C5B-B36A-7E2602317138}.Release|Any CPU.Build.0 = Release|Any CPU
		{7D06FCE8-271F-4CAD-9FD1-04842F301654}.Debug|Any CPU.ActiveCfg = Debug|Any CPU
		{7D06FCE8-271F-4CAD-9FD1-04842F301654}.Debug|Any CPU.Build.0 = Debug|Any CPU
		{7D06FCE8-271F-4CAD-9FD1-04842F301654}.Release|Any CPU.ActiveCfg = Release|Any CPU
		{7D06FCE8-271F-4CAD-9FD1-04842F301654}.Release|Any CPU.Build.0 = Release|Any CPU
	EndGlobalSection
	GlobalSection(SolutionProperties) = preSolution
		HideSolutionNode = FALSE
	EndGlobalSection
	GlobalSection(ExtensibilityGlobals) = postSolution
		SolutionGuid = {E71A38B0-D36D-407A-8466-623C743F6338}
	EndGlobalSection
EndGlobal
