
Microsoft Visual Studio Solution File, Format Version 12.00
# Visual Studio Version 17
VisualStudioVersion = 17.5.33424.131
MinimumVisualStudioVersion = 10.0.40219.1
Project("{9A19103F-16F7-4668-BE54-9A1E7A4F7556}") = "PIHMS.CL.BL.OPBilling", "PIHMS.CL.BL.OPBilling\PIHMS.CL.BL.OPBilling.csproj", "{0EB2E185-A459-4B61-BF01-40DE2AEFAB1C}"
EndProject
Project("{9A19103F-16F7-4668-BE54-9A1E7A4F7556}") = "PIHMS.CL.BL.OPBilling.TestApp", "PIHMS.CL.BL.OPBilling.TestApp\PIHMS.CL.BL.OPBilling.TestApp.csproj", "{34B93277-F383-46D9-85F5-564E75ED30A9}"
EndProject
Global
	GlobalSection(SolutionConfigurationPlatforms) = preSolution
		Debug|Any CPU = Debug|Any CPU
		Release|Any CPU = Release|Any CPU
	EndGlobalSection
	GlobalSection(ProjectConfigurationPlatforms) = postSolution
		{0EB2E185-A459-4B61-BF01-40DE2AEFAB1C}.Debug|Any CPU.ActiveCfg = Debug|Any CPU
		{0EB2E185-A459-4B61-BF01-40DE2AEFAB1C}.Debug|Any CPU.Build.0 = Debug|Any CPU
		{0EB2E185-A459-4B61-BF01-40DE2AEFAB1C}.Release|Any CPU.ActiveCfg = Release|Any CPU
		{0EB2E185-A459-4B61-BF01-40DE2AEFAB1C}.Release|Any CPU.Build.0 = Release|Any CPU
		{34B93277-F383-46D9-85F5-564E75ED30A9}.Debug|Any CPU.ActiveCfg = Debug|Any CPU
		{34B93277-F383-46D9-85F5-564E75ED30A9}.Debug|Any CPU.Build.0 = Debug|Any CPU
		{34B93277-F383-46D9-85F5-564E75ED30A9}.Release|Any CPU.ActiveCfg = Release|Any CPU
		{34B93277-F383-46D9-85F5-564E75ED30A9}.Release|Any CPU.Build.0 = Release|Any CPU
	EndGlobalSection
	GlobalSection(SolutionProperties) = preSolution
		HideSolutionNode = FALSE
	EndGlobalSection
	GlobalSection(ExtensibilityGlobals) = postSolution
		SolutionGuid = {72EC2960-1390-4635-8EF0-08872DFC810B}
	EndGlobalSection
EndGlobal
