
Microsoft Visual Studio Solution File, Format Version 12.00
# Visual Studio Version 17
VisualStudioVersion = 17.4.33213.308
MinimumVisualStudioVersion = 10.0.40219.1
Project("{9A19103F-16F7-4668-BE54-9A1E7A4F7556}") = "PIHMS.CL.BL.Diagnostic", "PIHMS.CL.BL.Diagnostic\PIHMS.CL.BL.Diagnostic.csproj", "{75675687-FD0A-4BE9-88D0-6F8A63097D06}"
EndProject
Project("{9A19103F-16F7-4668-BE54-9A1E7A4F7556}") = "PIHMS.CL.BL.Diagnostic.TestApp", "PIHMS.CL.BL.Diagnostic.TestApp\PIHMS.CL.BL.Diagnostic.TestApp.csproj", "{D45F0D7B-3476-40C0-BDE3-540F537285C6}"
EndProject
Global
	GlobalSection(SolutionConfigurationPlatforms) = preSolution
		Debug|Any CPU = Debug|Any CPU
		Release|Any CPU = Release|Any CPU
	EndGlobalSection
	GlobalSection(ProjectConfigurationPlatforms) = postSolution
		{75675687-FD0A-4BE9-88D0-6F8A63097D06}.Debug|Any CPU.ActiveCfg = Debug|Any CPU
		{75675687-FD0A-4BE9-88D0-6F8A63097D06}.Debug|Any CPU.Build.0 = Debug|Any CPU
		{75675687-FD0A-4BE9-88D0-6F8A63097D06}.Release|Any CPU.ActiveCfg = Release|Any CPU
		{75675687-FD0A-4BE9-88D0-6F8A63097D06}.Release|Any CPU.Build.0 = Release|Any CPU
		{D45F0D7B-3476-40C0-BDE3-540F537285C6}.Debug|Any CPU.ActiveCfg = Debug|Any CPU
		{D45F0D7B-3476-40C0-BDE3-540F537285C6}.Debug|Any CPU.Build.0 = Debug|Any CPU
		{D45F0D7B-3476-40C0-BDE3-540F537285C6}.Release|Any CPU.ActiveCfg = Release|Any CPU
		{D45F0D7B-3476-40C0-BDE3-540F537285C6}.Release|Any CPU.Build.0 = Release|Any CPU
	EndGlobalSection
	GlobalSection(SolutionProperties) = preSolution
		HideSolutionNode = FALSE
	EndGlobalSection
	GlobalSection(ExtensibilityGlobals) = postSolution
		SolutionGuid = {4875EB53-A330-4F8C-9C17-BA615903DE8D}
	EndGlobalSection
EndGlobal
