
Microsoft Visual Studio Solution File, Format Version 12.00
# Visual Studio Version 17
VisualStudioVersion = 17.5.33424.131
MinimumVisualStudioVersion = 10.0.40219.1
Project("{9A19103F-16F7-4668-BE54-9A1E7A4F7556}") = "PIHMS.CL.BL.DoctorConsultation", "PIHMS.CL.BL.DoctorConsultation\PIHMS.CL.BL.DoctorConsultation.csproj", "{67FE2029-ADC8-4CBF-8AA6-D3ECBA82BB16}"
EndProject
Project("{9A19103F-16F7-4668-BE54-9A1E7A4F7556}") = "PIHMS.CL.BL.DoctorConsultation.TestApp", "PIHMS.CL.BL.DoctorConsultation.TestApp\PIHMS.CL.BL.DoctorConsultation.TestApp.csproj", "{89A1E77F-E012-4E91-8443-ABACC489A8C2}"
EndProject
Global
	GlobalSection(SolutionConfigurationPlatforms) = preSolution
		Debug|Any CPU = Debug|Any CPU
		Release|Any CPU = Release|Any CPU
	EndGlobalSection
	GlobalSection(ProjectConfigurationPlatforms) = postSolution
		{67FE2029-ADC8-4CBF-8AA6-D3ECBA82BB16}.Debug|Any CPU.ActiveCfg = Debug|Any CPU
		{67FE2029-ADC8-4CBF-8AA6-D3ECBA82BB16}.Debug|Any CPU.Build.0 = Debug|Any CPU
		{67FE2029-ADC8-4CBF-8AA6-D3ECBA82BB16}.Release|Any CPU.ActiveCfg = Release|Any CPU
		{67FE2029-ADC8-4CBF-8AA6-D3ECBA82BB16}.Release|Any CPU.Build.0 = Release|Any CPU
		{89A1E77F-E012-4E91-8443-ABACC489A8C2}.Debug|Any CPU.ActiveCfg = Debug|Any CPU
		{89A1E77F-E012-4E91-8443-ABACC489A8C2}.Debug|Any CPU.Build.0 = Debug|Any CPU
		{89A1E77F-E012-4E91-8443-ABACC489A8C2}.Release|Any CPU.ActiveCfg = Release|Any CPU
		{89A1E77F-E012-4E91-8443-ABACC489A8C2}.Release|Any CPU.Build.0 = Release|Any CPU
	EndGlobalSection
	GlobalSection(SolutionProperties) = preSolution
		HideSolutionNode = FALSE
	EndGlobalSection
	GlobalSection(ExtensibilityGlobals) = postSolution
		SolutionGuid = {192DD7B7-B18C-46E1-98E9-3985FC0E110E}
	EndGlobalSection
EndGlobal
